
Microsoft Visual Studio Solution File, Format Version 12.00
# Visual Studio 15
VisualStudioVersion = 15.0.27130.2036
MinimumVisualStudioVersion = 10.0.40219.1
Project("{FAE04EC0-301F-11D3-BF4B-00C04F79EFBC}") = "01. SingleInheritance", "01. SingleInheritance\01. SingleInheritance.csproj", "{67E6F295-72C3-406B-AA66-BB7A95C8435E}"
EndProject
Project("{FAE04EC0-301F-11D3-BF4B-00C04F79EFBC}") = "02. MultipleInheritance", "02. MultipleInheritance\02. MultipleInheritance.csproj", "{2114B670-CDE5-4AFE-BC0C-FF52EBC8043F}"
EndProject
Project("{FAE04EC0-301F-11D3-BF4B-00C04F79EFBC}") = "03. HierarchicalInheritance", "03. HierarchicalInheritance\03. HierarchicalInheritance.csproj", "{54A10F6E-BFAB-469B-8F21-69A31B8045AE}"
EndProject
Project("{FAE04EC0-301F-11D3-BF4B-00C04F79EFBC}") = "04. RandomList", "04. RandomList\04. RandomList.csproj", "{984AC8A9-42D5-43FA-A1B3-2324DBC59AC6}"
EndProject
Project("{FAE04EC0-301F-11D3-BF4B-00C04F79EFBC}") = "05. StackOfStrings", "05. StackOfStrings\05. StackOfStrings.csproj", "{0825AAB7-53A6-48A3-8FA9-245B371E7C70}"
EndProject
Global
	GlobalSection(SolutionConfigurationPlatforms) = preSolution
		Debug|Any CPU = Debug|Any CPU
		Release|Any CPU = Release|Any CPU
	EndGlobalSection
	GlobalSection(ProjectConfigurationPlatforms) = postSolution
		{67E6F295-72C3-406B-AA66-BB7A95C8435E}.Debug|Any CPU.ActiveCfg = Debug|Any CPU
		{67E6F295-72C3-406B-AA66-BB7A95C8435E}.Debug|Any CPU.Build.0 = Debug|Any CPU
		{67E6F295-72C3-406B-AA66-BB7A95C8435E}.Release|Any CPU.ActiveCfg = Release|Any CPU
		{67E6F295-72C3-406B-AA66-BB7A95C8435E}.Release|Any CPU.Build.0 = Release|Any CPU
		{2114B670-CDE5-4AFE-BC0C-FF52EBC8043F}.Debug|Any CPU.ActiveCfg = Debug|Any CPU
		{2114B670-CDE5-4AFE-BC0C-FF52EBC8043F}.Debug|Any CPU.Build.0 = Debug|Any CPU
		{2114B670-CDE5-4AFE-BC0C-FF52EBC8043F}.Release|Any CPU.ActiveCfg = Release|Any CPU
		{2114B670-CDE5-4AFE-BC0C-FF52EBC8043F}.Release|Any CPU.Build.0 = Release|Any CPU
		{54A10F6E-BFAB-469B-8F21-69A31B8045AE}.Debug|Any CPU.ActiveCfg = Debug|Any CPU
		{54A10F6E-BFAB-469B-8F21-69A31B8045AE}.Debug|Any CPU.Build.0 = Debug|Any CPU
		{54A10F6E-BFAB-469B-8F21-69A31B8045AE}.Release|Any CPU.ActiveCfg = Release|Any CPU
		{54A10F6E-BFAB-469B-8F21-69A31B8045AE}.Release|Any CPU.Build.0 = Release|Any CPU
		{984AC8A9-42D5-43FA-A1B3-2324DBC59AC6}.Debug|Any CPU.ActiveCfg = Debug|Any CPU
		{984AC8A9-42D5-43FA-A1B3-2324DBC59AC6}.Debug|Any CPU.Build.0 = Debug|Any CPU
		{984AC8A9-42D5-43FA-A1B3-2324DBC59AC6}.Release|Any CPU.ActiveCfg = Release|Any CPU
		{984AC8A9-42D5-43FA-A1B3-2324DBC59AC6}.Release|Any CPU.Build.0 = Release|Any CPU
		{0825AAB7-53A6-48A3-8FA9-245B371E7C70}.Debug|Any CPU.ActiveCfg = Debug|Any CPU
		{0825AAB7-53A6-48A3-8FA9-245B371E7C70}.Debug|Any CPU.Build.0 = Debug|Any CPU
		{0825AAB7-53A6-48A3-8FA9-245B371E7C70}.Release|Any CPU.ActiveCfg = Release|Any CPU
		{0825AAB7-53A6-48A3-8FA9-245B371E7C70}.Release|Any CPU.Build.0 = Release|Any CPU
	EndGlobalSection
	GlobalSection(SolutionProperties) = preSolution
		HideSolutionNode = FALSE
	EndGlobalSection
	GlobalSection(ExtensibilityGlobals) = postSolution
		SolutionGuid = {A68FC094-D5F6-4732-83F5-7DC538264A65}
	EndGlobalSection
EndGlobal
