
Microsoft Visual Studio Solution File, Format Version 12.00
# Visual Studio 15
VisualStudioVersion = 15.0.27004.2009
MinimumVisualStudioVersion = 10.0.40219.1
Project("{FAE04EC0-301F-11D3-BF4B-00C04F79EFBC}") = "BookLibrary", "BookLibrary\BookLibrary.csproj", "{3B5E3969-C444-4860-9024-831F525EBFEA}"
EndProject
Global
	GlobalSection(SolutionConfigurationPlatforms) = preSolution
		Debug|Any CPU = Debug|Any CPU
		Release|Any CPU = Release|Any CPU
	EndGlobalSection
	GlobalSection(ProjectConfigurationPlatforms) = postSolution
		{3B5E3969-C444-4860-9024-831F525EBFEA}.Debug|Any CPU.ActiveCfg = Debug|Any CPU
		{3B5E3969-C444-4860-9024-831F525EBFEA}.Debug|Any CPU.Build.0 = Debug|Any CPU
		{3B5E3969-C444-4860-9024-831F525EBFEA}.Release|Any CPU.ActiveCfg = Release|Any CPU
		{3B5E3969-C444-4860-9024-831F525EBFEA}.Release|Any CPU.Build.0 = Release|Any CPU
	EndGlobalSection
	GlobalSection(SolutionProperties) = preSolution
		HideSolutionNode = FALSE
	EndGlobalSection
	GlobalSection(ExtensibilityGlobals) = postSolution
		SolutionGuid = {A9B72DF6-512D-497A-BB95-FCBD37705A84}
	EndGlobalSection
EndGlobal
