
Microsoft Visual Studio Solution File, Format Version 12.00
# Visual Studio 15
VisualStudioVersion = 15.0.26730.16
MinimumVisualStudioVersion = 10.0.40219.1
Project("{FAE04EC0-301F-11D3-BF4B-00C04F79EFBC}") = "LetterRepetition", "LetterRepetition\LetterRepetition.csproj", "{5A42F868-F137-449C-AD9E-DAB7864D8C3B}"
EndProject
Project("{FAE04EC0-301F-11D3-BF4B-00C04F79EFBC}") = "DictRef", "DictRef\DictRef.csproj", "{F1B71FE0-2D6B-4F11-BB79-17D4159487D2}"
EndProject
Project("{FAE04EC0-301F-11D3-BF4B-00C04F79EFBC}") = "MixedPhones", "MixedPhones\MixedPhones.csproj", "{F9A0E84D-DA26-449D-BE44-9F7F8B2B310D}"
EndProject
Project("{FAE04EC0-301F-11D3-BF4B-00C04F79EFBC}") = "ExamShopping", "ExamShopping\ExamShopping.csproj", "{C35A5A74-1038-4D40-A363-432DDC37D835}"
EndProject
Project("{FAE04EC0-301F-11D3-BF4B-00C04F79EFBC}") = "UserLogins", "UserLogins\UserLogins.csproj", "{B7EEB2B7-BE97-4331-8B1A-430D733E55BD}"
EndProject
Project("{FAE04EC0-301F-11D3-BF4B-00C04F79EFBC}") = "FilterBase", "FilterBase\FilterBase.csproj", "{2D15C609-0529-49C5-A51B-E6DF26F807CC}"
EndProject
Global
	GlobalSection(SolutionConfigurationPlatforms) = preSolution
		Debug|Any CPU = Debug|Any CPU
		Release|Any CPU = Release|Any CPU
	EndGlobalSection
	GlobalSection(ProjectConfigurationPlatforms) = postSolution
		{5A42F868-F137-449C-AD9E-DAB7864D8C3B}.Debug|Any CPU.ActiveCfg = Debug|Any CPU
		{5A42F868-F137-449C-AD9E-DAB7864D8C3B}.Debug|Any CPU.Build.0 = Debug|Any CPU
		{5A42F868-F137-449C-AD9E-DAB7864D8C3B}.Release|Any CPU.ActiveCfg = Release|Any CPU
		{5A42F868-F137-449C-AD9E-DAB7864D8C3B}.Release|Any CPU.Build.0 = Release|Any CPU
		{F1B71FE0-2D6B-4F11-BB79-17D4159487D2}.Debug|Any CPU.ActiveCfg = Debug|Any CPU
		{F1B71FE0-2D6B-4F11-BB79-17D4159487D2}.Debug|Any CPU.Build.0 = Debug|Any CPU
		{F1B71FE0-2D6B-4F11-BB79-17D4159487D2}.Release|Any CPU.ActiveCfg = Release|Any CPU
		{F1B71FE0-2D6B-4F11-BB79-17D4159487D2}.Release|Any CPU.Build.0 = Release|Any CPU
		{F9A0E84D-DA26-449D-BE44-9F7F8B2B310D}.Debug|Any CPU.ActiveCfg = Debug|Any CPU
		{F9A0E84D-DA26-449D-BE44-9F7F8B2B310D}.Debug|Any CPU.Build.0 = Debug|Any CPU
		{F9A0E84D-DA26-449D-BE44-9F7F8B2B310D}.Release|Any CPU.ActiveCfg = Release|Any CPU
		{F9A0E84D-DA26-449D-BE44-9F7F8B2B310D}.Release|Any CPU.Build.0 = Release|Any CPU
		{C35A5A74-1038-4D40-A363-432DDC37D835}.Debug|Any CPU.ActiveCfg = Debug|Any CPU
		{C35A5A74-1038-4D40-A363-432DDC37D835}.Debug|Any CPU.Build.0 = Debug|Any CPU
		{C35A5A74-1038-4D40-A363-432DDC37D835}.Release|Any CPU.ActiveCfg = Release|Any CPU
		{C35A5A74-1038-4D40-A363-432DDC37D835}.Release|Any CPU.Build.0 = Release|Any CPU
		{B7EEB2B7-BE97-4331-8B1A-430D733E55BD}.Debug|Any CPU.ActiveCfg = Debug|Any CPU
		{B7EEB2B7-BE97-4331-8B1A-430D733E55BD}.Debug|Any CPU.Build.0 = Debug|Any CPU
		{B7EEB2B7-BE97-4331-8B1A-430D733E55BD}.Release|Any CPU.ActiveCfg = Release|Any CPU
		{B7EEB2B7-BE97-4331-8B1A-430D733E55BD}.Release|Any CPU.Build.0 = Release|Any CPU
		{2D15C609-0529-49C5-A51B-E6DF26F807CC}.Debug|Any CPU.ActiveCfg = Debug|Any CPU
		{2D15C609-0529-49C5-A51B-E6DF26F807CC}.Debug|Any CPU.Build.0 = Debug|Any CPU
		{2D15C609-0529-49C5-A51B-E6DF26F807CC}.Release|Any CPU.ActiveCfg = Release|Any CPU
		{2D15C609-0529-49C5-A51B-E6DF26F807CC}.Release|Any CPU.Build.0 = Release|Any CPU
	EndGlobalSection
	GlobalSection(SolutionProperties) = preSolution
		HideSolutionNode = FALSE
	EndGlobalSection
	GlobalSection(ExtensibilityGlobals) = postSolution
		SolutionGuid = {23CE47C3-6108-4274-B926-20DFBDB0C69A}
	EndGlobalSection
EndGlobal
