
Microsoft Visual Studio Solution File, Format Version 12.00
# Visual Studio 15
VisualStudioVersion = 15.0.27130.2036
MinimumVisualStudioVersion = 10.0.40219.1
Project("{FAE04EC0-301F-11D3-BF4B-00C04F79EFBC}") = "Minedraft", "Minedraft\Minedraft.csproj", "{D0FD6431-9173-4783-AB8F-FE2D93B9654A}"
EndProject
Global
	GlobalSection(SolutionConfigurationPlatforms) = preSolution
		Debug|Any CPU = Debug|Any CPU
		Release|Any CPU = Release|Any CPU
	EndGlobalSection
	GlobalSection(ProjectConfigurationPlatforms) = postSolution
		{D0FD6431-9173-4783-AB8F-FE2D93B9654A}.Debug|Any CPU.ActiveCfg = Debug|Any CPU
		{D0FD6431-9173-4783-AB8F-FE2D93B9654A}.Debug|Any CPU.Build.0 = Debug|Any CPU
		{D0FD6431-9173-4783-AB8F-FE2D93B9654A}.Release|Any CPU.ActiveCfg = Release|Any CPU
		{D0FD6431-9173-4783-AB8F-FE2D93B9654A}.Release|Any CPU.Build.0 = Release|Any CPU
	EndGlobalSection
	GlobalSection(SolutionProperties) = preSolution
		HideSolutionNode = FALSE
	EndGlobalSection
	GlobalSection(ExtensibilityGlobals) = postSolution
		SolutionGuid = {012F1796-ADD5-4363-8C0F-1E82EDFCCEEB}
	EndGlobalSection
EndGlobal
