
Microsoft Visual Studio Solution File, Format Version 12.00
# Visual Studio 15
VisualStudioVersion = 15.0.27428.2027
MinimumVisualStudioVersion = 10.0.40219.1
Project("{FAE04EC0-301F-11D3-BF4B-00C04F79EFBC}") = "01. EventImplementation", "01. EventImplementation\01. EventImplementation.csproj", "{F8514B9C-1995-4FEB-AFAE-1649387964B8}"
EndProject
Project("{FAE04EC0-301F-11D3-BF4B-00C04F79EFBC}") = "02. KingsGambit", "02. KingsGambit\02. KingsGambit.csproj", "{9B2AC5C9-E782-4DBA-933B-92FEDF1E5D8B}"
EndProject
Project("{FAE04EC0-301F-11D3-BF4B-00C04F79EFBC}") = "03. DependencyInversion", "03. DependencyInversion\03. DependencyInversion.csproj", "{C3CE35E3-C1E2-4021-9EA1-037E4BD1FBAB}"
EndProject
Project("{FAE04EC0-301F-11D3-BF4B-00C04F79EFBC}") = "04. WorkForce", "04. WorkForce\04. WorkForce.csproj", "{D974FE64-A3DF-4926-8247-2D957EA6CF62}"
EndProject
Project("{FAE04EC0-301F-11D3-BF4B-00C04F79EFBC}") = "05. KingsGambitExtended", "05. KingsGambitExtended\05. KingsGambitExtended.csproj", "{BABE36B2-BB94-4279-8709-C710FD972696}"
EndProject
Global
	GlobalSection(SolutionConfigurationPlatforms) = preSolution
		Debug|Any CPU = Debug|Any CPU
		Release|Any CPU = Release|Any CPU
	EndGlobalSection
	GlobalSection(ProjectConfigurationPlatforms) = postSolution
		{F8514B9C-1995-4FEB-AFAE-1649387964B8}.Debug|Any CPU.ActiveCfg = Debug|Any CPU
		{F8514B9C-1995-4FEB-AFAE-1649387964B8}.Debug|Any CPU.Build.0 = Debug|Any CPU
		{F8514B9C-1995-4FEB-AFAE-1649387964B8}.Release|Any CPU.ActiveCfg = Release|Any CPU
		{F8514B9C-1995-4FEB-AFAE-1649387964B8}.Release|Any CPU.Build.0 = Release|Any CPU
		{9B2AC5C9-E782-4DBA-933B-92FEDF1E5D8B}.Debug|Any CPU.ActiveCfg = Debug|Any CPU
		{9B2AC5C9-E782-4DBA-933B-92FEDF1E5D8B}.Debug|Any CPU.Build.0 = Debug|Any CPU
		{9B2AC5C9-E782-4DBA-933B-92FEDF1E5D8B}.Release|Any CPU.ActiveCfg = Release|Any CPU
		{9B2AC5C9-E782-4DBA-933B-92FEDF1E5D8B}.Release|Any CPU.Build.0 = Release|Any CPU
		{C3CE35E3-C1E2-4021-9EA1-037E4BD1FBAB}.Debug|Any CPU.ActiveCfg = Debug|Any CPU
		{C3CE35E3-C1E2-4021-9EA1-037E4BD1FBAB}.Debug|Any CPU.Build.0 = Debug|Any CPU
		{C3CE35E3-C1E2-4021-9EA1-037E4BD1FBAB}.Release|Any CPU.ActiveCfg = Release|Any CPU
		{C3CE35E3-C1E2-4021-9EA1-037E4BD1FBAB}.Release|Any CPU.Build.0 = Release|Any CPU
		{D974FE64-A3DF-4926-8247-2D957EA6CF62}.Debug|Any CPU.ActiveCfg = Debug|Any CPU
		{D974FE64-A3DF-4926-8247-2D957EA6CF62}.Debug|Any CPU.Build.0 = Debug|Any CPU
		{D974FE64-A3DF-4926-8247-2D957EA6CF62}.Release|Any CPU.ActiveCfg = Release|Any CPU
		{D974FE64-A3DF-4926-8247-2D957EA6CF62}.Release|Any CPU.Build.0 = Release|Any CPU
		{BABE36B2-BB94-4279-8709-C710FD972696}.Debug|Any CPU.ActiveCfg = Debug|Any CPU
		{BABE36B2-BB94-4279-8709-C710FD972696}.Debug|Any CPU.Build.0 = Debug|Any CPU
		{BABE36B2-BB94-4279-8709-C710FD972696}.Release|Any CPU.ActiveCfg = Release|Any CPU
		{BABE36B2-BB94-4279-8709-C710FD972696}.Release|Any CPU.Build.0 = Release|Any CPU
	EndGlobalSection
	GlobalSection(SolutionProperties) = preSolution
		HideSolutionNode = FALSE
	EndGlobalSection
	GlobalSection(ExtensibilityGlobals) = postSolution
		SolutionGuid = {8B378E01-257D-48B4-8690-B154C51430CD}
	EndGlobalSection
EndGlobal
