
Microsoft Visual Studio Solution File, Format Version 12.00
# Visual Studio 15
VisualStudioVersion = 15.0.27004.2002
MinimumVisualStudioVersion = 10.0.40219.1
Project("{FAE04EC0-301F-11D3-BF4B-00C04F79EFBC}") = "NetherRealms", "NetherRealms\NetherRealms.csproj", "{EC9A76A5-3BA1-4B00-8625-A71A71209077}"
EndProject
Project("{FAE04EC0-301F-11D3-BF4B-00C04F79EFBC}") = "RoliTheCoder", "TheCoder\RoliTheCoder.csproj", "{9AA41F7E-E4CC-4AD0-927A-11A48BF5C6DA}"
EndProject
Global
	GlobalSection(SolutionConfigurationPlatforms) = preSolution
		Debug|Any CPU = Debug|Any CPU
		Release|Any CPU = Release|Any CPU
	EndGlobalSection
	GlobalSection(ProjectConfigurationPlatforms) = postSolution
		{EC9A76A5-3BA1-4B00-8625-A71A71209077}.Debug|Any CPU.ActiveCfg = Debug|Any CPU
		{EC9A76A5-3BA1-4B00-8625-A71A71209077}.Debug|Any CPU.Build.0 = Debug|Any CPU
		{EC9A76A5-3BA1-4B00-8625-A71A71209077}.Release|Any CPU.ActiveCfg = Release|Any CPU
		{EC9A76A5-3BA1-4B00-8625-A71A71209077}.Release|Any CPU.Build.0 = Release|Any CPU
		{9AA41F7E-E4CC-4AD0-927A-11A48BF5C6DA}.Debug|Any CPU.ActiveCfg = Debug|Any CPU
		{9AA41F7E-E4CC-4AD0-927A-11A48BF5C6DA}.Debug|Any CPU.Build.0 = Debug|Any CPU
		{9AA41F7E-E4CC-4AD0-927A-11A48BF5C6DA}.Release|Any CPU.ActiveCfg = Release|Any CPU
		{9AA41F7E-E4CC-4AD0-927A-11A48BF5C6DA}.Release|Any CPU.Build.0 = Release|Any CPU
	EndGlobalSection
	GlobalSection(SolutionProperties) = preSolution
		HideSolutionNode = FALSE
	EndGlobalSection
	GlobalSection(ExtensibilityGlobals) = postSolution
		SolutionGuid = {2EB8A227-5272-4EEA-80BF-E3B8F5389C92}
	EndGlobalSection
EndGlobal
