
Microsoft Visual Studio Solution File, Format Version 12.00
# Visual Studio 15
VisualStudioVersion = 15.0.26730.12
MinimumVisualStudioVersion = 10.0.40219.1
Project("{FAE04EC0-301F-11D3-BF4B-00C04F79EFBC}") = "Greeting", "Greeting\Greeting.csproj", "{8DAA39FF-B3DD-4FD0-B67B-C3BE227A38E6}"
EndProject
Project("{FAE04EC0-301F-11D3-BF4B-00C04F79EFBC}") = "AddTwoNumbers", "AddTwoNumbers\AddTwoNumbers.csproj", "{38F41AFB-D16F-48AE-A019-E3C896608A6C}"
EndProject
Project("{FAE04EC0-301F-11D3-BF4B-00C04F79EFBC}") = "EmployeeData", "EmployeeData\EmployeeData.csproj", "{C73EDF51-234A-458A-8198-359360C1AD88}"
EndProject
Global
	GlobalSection(SolutionConfigurationPlatforms) = preSolution
		Debug|Any CPU = Debug|Any CPU
		Release|Any CPU = Release|Any CPU
	EndGlobalSection
	GlobalSection(ProjectConfigurationPlatforms) = postSolution
		{8DAA39FF-B3DD-4FD0-B67B-C3BE227A38E6}.Debug|Any CPU.ActiveCfg = Debug|Any CPU
		{8DAA39FF-B3DD-4FD0-B67B-C3BE227A38E6}.Debug|Any CPU.Build.0 = Debug|Any CPU
		{8DAA39FF-B3DD-4FD0-B67B-C3BE227A38E6}.Release|Any CPU.ActiveCfg = Release|Any CPU
		{8DAA39FF-B3DD-4FD0-B67B-C3BE227A38E6}.Release|Any CPU.Build.0 = Release|Any CPU
		{38F41AFB-D16F-48AE-A019-E3C896608A6C}.Debug|Any CPU.ActiveCfg = Debug|Any CPU
		{38F41AFB-D16F-48AE-A019-E3C896608A6C}.Debug|Any CPU.Build.0 = Debug|Any CPU
		{38F41AFB-D16F-48AE-A019-E3C896608A6C}.Release|Any CPU.ActiveCfg = Release|Any CPU
		{38F41AFB-D16F-48AE-A019-E3C896608A6C}.Release|Any CPU.Build.0 = Release|Any CPU
		{C73EDF51-234A-458A-8198-359360C1AD88}.Debug|Any CPU.ActiveCfg = Debug|Any CPU
		{C73EDF51-234A-458A-8198-359360C1AD88}.Debug|Any CPU.Build.0 = Debug|Any CPU
		{C73EDF51-234A-458A-8198-359360C1AD88}.Release|Any CPU.ActiveCfg = Release|Any CPU
		{C73EDF51-234A-458A-8198-359360C1AD88}.Release|Any CPU.Build.0 = Release|Any CPU
	EndGlobalSection
	GlobalSection(SolutionProperties) = preSolution
		HideSolutionNode = FALSE
	EndGlobalSection
	GlobalSection(ExtensibilityGlobals) = postSolution
		SolutionGuid = {A6BBF52A-28CC-4399-87D2-FC0DB0586E45}
	EndGlobalSection
EndGlobal
