
Microsoft Visual Studio Solution File, Format Version 12.00
# Visual Studio 15
VisualStudioVersion = 15.0.26730.16
MinimumVisualStudioVersion = 10.0.40219.1
Project("{FAE04EC0-301F-11D3-BF4B-00C04F79EFBC}") = "OddOccurrences", "OddOccurrences\OddOccurrences.csproj", "{61FFCF9D-FF8F-4A25-BE36-9899F954F3C5}"
EndProject
Project("{FAE04EC0-301F-11D3-BF4B-00C04F79EFBC}") = "CountRealNumbers", "CountRealNumbers\CountRealNumbers.csproj", "{3DEBCCF9-30E8-4900-94DE-ED4879A6E03B}"
EndProject
Global
	GlobalSection(SolutionConfigurationPlatforms) = preSolution
		Debug|Any CPU = Debug|Any CPU
		Release|Any CPU = Release|Any CPU
	EndGlobalSection
	GlobalSection(ProjectConfigurationPlatforms) = postSolution
		{61FFCF9D-FF8F-4A25-BE36-9899F954F3C5}.Debug|Any CPU.ActiveCfg = Debug|Any CPU
		{61FFCF9D-FF8F-4A25-BE36-9899F954F3C5}.Debug|Any CPU.Build.0 = Debug|Any CPU
		{61FFCF9D-FF8F-4A25-BE36-9899F954F3C5}.Release|Any CPU.ActiveCfg = Release|Any CPU
		{61FFCF9D-FF8F-4A25-BE36-9899F954F3C5}.Release|Any CPU.Build.0 = Release|Any CPU
		{3DEBCCF9-30E8-4900-94DE-ED4879A6E03B}.Debug|Any CPU.ActiveCfg = Debug|Any CPU
		{3DEBCCF9-30E8-4900-94DE-ED4879A6E03B}.Debug|Any CPU.Build.0 = Debug|Any CPU
		{3DEBCCF9-30E8-4900-94DE-ED4879A6E03B}.Release|Any CPU.ActiveCfg = Release|Any CPU
		{3DEBCCF9-30E8-4900-94DE-ED4879A6E03B}.Release|Any CPU.Build.0 = Release|Any CPU
	EndGlobalSection
	GlobalSection(SolutionProperties) = preSolution
		HideSolutionNode = FALSE
	EndGlobalSection
	GlobalSection(ExtensibilityGlobals) = postSolution
		SolutionGuid = {7D4B6CF8-6F8C-47BB-84C8-5EA2A9249447}
	EndGlobalSection
EndGlobal
