
Microsoft Visual Studio Solution File, Format Version 12.00
# Visual Studio 15
VisualStudioVersion = 15.0.27428.2002
MinimumVisualStudioVersion = 10.0.40219.1
Project("{FAE04EC0-301F-11D3-BF4B-00C04F79EFBC}") = "01. Logger", "01. Logger\01. Logger.csproj", "{F1359E89-8679-4C8F-B0D8-88BD46A6B37A}"
EndProject
Project("{FAE04EC0-301F-11D3-BF4B-00C04F79EFBC}") = "02. Blobs", "02. Blobs\02. Blobs.csproj", "{8FF7F9C1-B3D6-4BCA-AF6A-B26EEAEE3218}"
EndProject
Global
	GlobalSection(SolutionConfigurationPlatforms) = preSolution
		Debug|Any CPU = Debug|Any CPU
		Release|Any CPU = Release|Any CPU
	EndGlobalSection
	GlobalSection(ProjectConfigurationPlatforms) = postSolution
		{F1359E89-8679-4C8F-B0D8-88BD46A6B37A}.Debug|Any CPU.ActiveCfg = Debug|Any CPU
		{F1359E89-8679-4C8F-B0D8-88BD46A6B37A}.Debug|Any CPU.Build.0 = Debug|Any CPU
		{F1359E89-8679-4C8F-B0D8-88BD46A6B37A}.Release|Any CPU.ActiveCfg = Release|Any CPU
		{F1359E89-8679-4C8F-B0D8-88BD46A6B37A}.Release|Any CPU.Build.0 = Release|Any CPU
		{8FF7F9C1-B3D6-4BCA-AF6A-B26EEAEE3218}.Debug|Any CPU.ActiveCfg = Debug|Any CPU
		{8FF7F9C1-B3D6-4BCA-AF6A-B26EEAEE3218}.Debug|Any CPU.Build.0 = Debug|Any CPU
		{8FF7F9C1-B3D6-4BCA-AF6A-B26EEAEE3218}.Release|Any CPU.ActiveCfg = Release|Any CPU
		{8FF7F9C1-B3D6-4BCA-AF6A-B26EEAEE3218}.Release|Any CPU.Build.0 = Release|Any CPU
	EndGlobalSection
	GlobalSection(SolutionProperties) = preSolution
		HideSolutionNode = FALSE
	EndGlobalSection
	GlobalSection(ExtensibilityGlobals) = postSolution
		SolutionGuid = {32936385-8066-40FA-9259-AE2B8EC077AF}
	EndGlobalSection
EndGlobal
