
Microsoft Visual Studio Solution File, Format Version 12.00
# Visual Studio 15
VisualStudioVersion = 15.0.27004.2009
MinimumVisualStudioVersion = 10.0.40219.1
Project("{FAE04EC0-301F-11D3-BF4B-00C04F79EFBC}") = "TODOList", "TODOList\TODOList.csproj", "{16E93FD0-1903-46EC-AEED-DB60466DC8CF}"
EndProject
Global
	GlobalSection(SolutionConfigurationPlatforms) = preSolution
		Debug|Any CPU = Debug|Any CPU
		Release|Any CPU = Release|Any CPU
	EndGlobalSection
	GlobalSection(ProjectConfigurationPlatforms) = postSolution
		{16E93FD0-1903-46EC-AEED-DB60466DC8CF}.Debug|Any CPU.ActiveCfg = Debug|Any CPU
		{16E93FD0-1903-46EC-AEED-DB60466DC8CF}.Debug|Any CPU.Build.0 = Debug|Any CPU
		{16E93FD0-1903-46EC-AEED-DB60466DC8CF}.Release|Any CPU.ActiveCfg = Release|Any CPU
		{16E93FD0-1903-46EC-AEED-DB60466DC8CF}.Release|Any CPU.Build.0 = Release|Any CPU
	EndGlobalSection
	GlobalSection(SolutionProperties) = preSolution
		HideSolutionNode = FALSE
	EndGlobalSection
	GlobalSection(ExtensibilityGlobals) = postSolution
		SolutionGuid = {E7396A3E-2ACE-4EED-96C6-E075001F0AF5}
	EndGlobalSection
EndGlobal
