
Microsoft Visual Studio Solution File, Format Version 12.00
# Visual Studio 15
VisualStudioVersion = 15.0.27004.2002
MinimumVisualStudioVersion = 10.0.40219.1
Project("{FAE04EC0-301F-11D3-BF4B-00C04F79EFBC}") = "HornetAssault", "HornetAssault\HornetAssault.csproj", "{32E2DFF4-DDDE-405D-85B4-837C54EEFA1C}"
EndProject
Project("{FAE04EC0-301F-11D3-BF4B-00C04F79EFBC}") = "HornetArmada", "HornetArmada\HornetArmada.csproj", "{6D2EBC40-525E-4907-A0C0-BB7E70A91038}"
EndProject
Global
	GlobalSection(SolutionConfigurationPlatforms) = preSolution
		Debug|Any CPU = Debug|Any CPU
		Release|Any CPU = Release|Any CPU
	EndGlobalSection
	GlobalSection(ProjectConfigurationPlatforms) = postSolution
		{32E2DFF4-DDDE-405D-85B4-837C54EEFA1C}.Debug|Any CPU.ActiveCfg = Debug|Any CPU
		{32E2DFF4-DDDE-405D-85B4-837C54EEFA1C}.Debug|Any CPU.Build.0 = Debug|Any CPU
		{32E2DFF4-DDDE-405D-85B4-837C54EEFA1C}.Release|Any CPU.ActiveCfg = Release|Any CPU
		{32E2DFF4-DDDE-405D-85B4-837C54EEFA1C}.Release|Any CPU.Build.0 = Release|Any CPU
		{6D2EBC40-525E-4907-A0C0-BB7E70A91038}.Debug|Any CPU.ActiveCfg = Debug|Any CPU
		{6D2EBC40-525E-4907-A0C0-BB7E70A91038}.Debug|Any CPU.Build.0 = Debug|Any CPU
		{6D2EBC40-525E-4907-A0C0-BB7E70A91038}.Release|Any CPU.ActiveCfg = Release|Any CPU
		{6D2EBC40-525E-4907-A0C0-BB7E70A91038}.Release|Any CPU.Build.0 = Release|Any CPU
	EndGlobalSection
	GlobalSection(SolutionProperties) = preSolution
		HideSolutionNode = FALSE
	EndGlobalSection
	GlobalSection(ExtensibilityGlobals) = postSolution
		SolutionGuid = {3E2713F6-E457-4ADE-BE8B-7CC21E1CC26A}
	EndGlobalSection
EndGlobal
