
Microsoft Visual Studio Solution File, Format Version 12.00
# Visual Studio 15
VisualStudioVersion = 15.0.26730.16
MinimumVisualStudioVersion = 10.0.40219.1
Project("{FAE04EC0-301F-11D3-BF4B-00C04F79EFBC}") = "ValueOfAString", "ValueOfAString\ValueOfAString.csproj", "{419208C8-1F6F-4CCA-93F8-6266A0DEBC06}"
EndProject
Project("{FAE04EC0-301F-11D3-BF4B-00C04F79EFBC}") = "DiamondProblem", "DiamondProblem\DiamondProblem.csproj", "{D38D1CD5-2E0D-4CEC-8D51-28DA0222A1FD}"
EndProject
Project("{FAE04EC0-301F-11D3-BF4B-00C04F79EFBC}") = "SerializeString", "SerializeString\SerializeString.csproj", "{7275EAB8-A627-48BB-9CAB-710B8C14B9C6}"
EndProject
Project("{FAE04EC0-301F-11D3-BF4B-00C04F79EFBC}") = "DeserializeString", "DeserializeString\DeserializeString.csproj", "{49ABAB91-138D-471C-B177-50C96C1AD149}"
EndProject
Project("{FAE04EC0-301F-11D3-BF4B-00C04F79EFBC}") = "StringCommander", "StringCommander\StringCommander.csproj", "{88E002C9-6E94-4438-B43A-0B1298B43932}"
EndProject
Project("{FAE04EC0-301F-11D3-BF4B-00C04F79EFBC}") = "Stateless", "Stateless\Stateless.csproj", "{03232E57-5073-42E9-B1B5-6620B180566C}"
EndProject
Project("{FAE04EC0-301F-11D3-BF4B-00C04F79EFBC}") = "Pyramidic", "Pyramidic\Pyramidic.csproj", "{2D76333D-B910-415E-B7EF-021D6E1585CE}"
EndProject
Project("{FAE04EC0-301F-11D3-BF4B-00C04F79EFBC}") = "Nilapdromes", "Nilapdromes\Nilapdromes.csproj", "{114AF064-3B52-4946-92F8-A2D637C6782C}"
EndProject
Global
	GlobalSection(SolutionConfigurationPlatforms) = preSolution
		Debug|Any CPU = Debug|Any CPU
		Release|Any CPU = Release|Any CPU
	EndGlobalSection
	GlobalSection(ProjectConfigurationPlatforms) = postSolution
		{419208C8-1F6F-4CCA-93F8-6266A0DEBC06}.Debug|Any CPU.ActiveCfg = Debug|Any CPU
		{419208C8-1F6F-4CCA-93F8-6266A0DEBC06}.Debug|Any CPU.Build.0 = Debug|Any CPU
		{419208C8-1F6F-4CCA-93F8-6266A0DEBC06}.Release|Any CPU.ActiveCfg = Release|Any CPU
		{419208C8-1F6F-4CCA-93F8-6266A0DEBC06}.Release|Any CPU.Build.0 = Release|Any CPU
		{D38D1CD5-2E0D-4CEC-8D51-28DA0222A1FD}.Debug|Any CPU.ActiveCfg = Debug|Any CPU
		{D38D1CD5-2E0D-4CEC-8D51-28DA0222A1FD}.Debug|Any CPU.Build.0 = Debug|Any CPU
		{D38D1CD5-2E0D-4CEC-8D51-28DA0222A1FD}.Release|Any CPU.ActiveCfg = Release|Any CPU
		{D38D1CD5-2E0D-4CEC-8D51-28DA0222A1FD}.Release|Any CPU.Build.0 = Release|Any CPU
		{7275EAB8-A627-48BB-9CAB-710B8C14B9C6}.Debug|Any CPU.ActiveCfg = Debug|Any CPU
		{7275EAB8-A627-48BB-9CAB-710B8C14B9C6}.Debug|Any CPU.Build.0 = Debug|Any CPU
		{7275EAB8-A627-48BB-9CAB-710B8C14B9C6}.Release|Any CPU.ActiveCfg = Release|Any CPU
		{7275EAB8-A627-48BB-9CAB-710B8C14B9C6}.Release|Any CPU.Build.0 = Release|Any CPU
		{49ABAB91-138D-471C-B177-50C96C1AD149}.Debug|Any CPU.ActiveCfg = Debug|Any CPU
		{49ABAB91-138D-471C-B177-50C96C1AD149}.Debug|Any CPU.Build.0 = Debug|Any CPU
		{49ABAB91-138D-471C-B177-50C96C1AD149}.Release|Any CPU.ActiveCfg = Release|Any CPU
		{49ABAB91-138D-471C-B177-50C96C1AD149}.Release|Any CPU.Build.0 = Release|Any CPU
		{88E002C9-6E94-4438-B43A-0B1298B43932}.Debug|Any CPU.ActiveCfg = Debug|Any CPU
		{88E002C9-6E94-4438-B43A-0B1298B43932}.Debug|Any CPU.Build.0 = Debug|Any CPU
		{88E002C9-6E94-4438-B43A-0B1298B43932}.Release|Any CPU.ActiveCfg = Release|Any CPU
		{88E002C9-6E94-4438-B43A-0B1298B43932}.Release|Any CPU.Build.0 = Release|Any CPU
		{03232E57-5073-42E9-B1B5-6620B180566C}.Debug|Any CPU.ActiveCfg = Debug|Any CPU
		{03232E57-5073-42E9-B1B5-6620B180566C}.Debug|Any CPU.Build.0 = Debug|Any CPU
		{03232E57-5073-42E9-B1B5-6620B180566C}.Release|Any CPU.ActiveCfg = Release|Any CPU
		{03232E57-5073-42E9-B1B5-6620B180566C}.Release|Any CPU.Build.0 = Release|Any CPU
		{2D76333D-B910-415E-B7EF-021D6E1585CE}.Debug|Any CPU.ActiveCfg = Debug|Any CPU
		{2D76333D-B910-415E-B7EF-021D6E1585CE}.Debug|Any CPU.Build.0 = Debug|Any CPU
		{2D76333D-B910-415E-B7EF-021D6E1585CE}.Release|Any CPU.ActiveCfg = Release|Any CPU
		{2D76333D-B910-415E-B7EF-021D6E1585CE}.Release|Any CPU.Build.0 = Release|Any CPU
		{114AF064-3B52-4946-92F8-A2D637C6782C}.Debug|Any CPU.ActiveCfg = Debug|Any CPU
		{114AF064-3B52-4946-92F8-A2D637C6782C}.Debug|Any CPU.Build.0 = Debug|Any CPU
		{114AF064-3B52-4946-92F8-A2D637C6782C}.Release|Any CPU.ActiveCfg = Release|Any CPU
		{114AF064-3B52-4946-92F8-A2D637C6782C}.Release|Any CPU.Build.0 = Release|Any CPU
	EndGlobalSection
	GlobalSection(SolutionProperties) = preSolution
		HideSolutionNode = FALSE
	EndGlobalSection
	GlobalSection(ExtensibilityGlobals) = postSolution
		SolutionGuid = {7468E716-A8D2-44E5-A2CD-55C71C63DD30}
	EndGlobalSection
EndGlobal
