
Microsoft Visual Studio Solution File, Format Version 12.00
# Visual Studio 15
VisualStudioVersion = 15.0.27004.2002
MinimumVisualStudioVersion = 10.0.40219.1
Project("{FAE04EC0-301F-11D3-BF4B-00C04F79EFBC}") = "Numbers", "Numbers\Numbers.csproj", "{71DAA38B-3F94-4ADE-9B00-8E0393DD3C80}"
EndProject
Project("{FAE04EC0-301F-11D3-BF4B-00C04F79EFBC}") = "SoftuniCoffeeOrders", "SoftuniCoffeeOrders\SoftuniCoffeeOrders.csproj", "{8D091C3E-D19A-49ED-87E3-39536DFE692A}"
EndProject
Project("{FAE04EC0-301F-11D3-BF4B-00C04F79EFBC}") = "FootballLeague", "FootballLeague\FootballLeague.csproj", "{BDE69A73-AFCC-4B3A-9AC2-5AE917AD33CD}"
EndProject
Project("{FAE04EC0-301F-11D3-BF4B-00C04F79EFBC}") = "TrifonsQuest", "TrifonsQuest\TrifonsQuest.csproj", "{A62ED556-7703-4E56-B480-7165B18719CE}"
EndProject
Global
	GlobalSection(SolutionConfigurationPlatforms) = preSolution
		Debug|Any CPU = Debug|Any CPU
		Release|Any CPU = Release|Any CPU
	EndGlobalSection
	GlobalSection(ProjectConfigurationPlatforms) = postSolution
		{71DAA38B-3F94-4ADE-9B00-8E0393DD3C80}.Debug|Any CPU.ActiveCfg = Debug|Any CPU
		{71DAA38B-3F94-4ADE-9B00-8E0393DD3C80}.Debug|Any CPU.Build.0 = Debug|Any CPU
		{71DAA38B-3F94-4ADE-9B00-8E0393DD3C80}.Release|Any CPU.ActiveCfg = Release|Any CPU
		{71DAA38B-3F94-4ADE-9B00-8E0393DD3C80}.Release|Any CPU.Build.0 = Release|Any CPU
		{8D091C3E-D19A-49ED-87E3-39536DFE692A}.Debug|Any CPU.ActiveCfg = Debug|Any CPU
		{8D091C3E-D19A-49ED-87E3-39536DFE692A}.Debug|Any CPU.Build.0 = Debug|Any CPU
		{8D091C3E-D19A-49ED-87E3-39536DFE692A}.Release|Any CPU.ActiveCfg = Release|Any CPU
		{8D091C3E-D19A-49ED-87E3-39536DFE692A}.Release|Any CPU.Build.0 = Release|Any CPU
		{BDE69A73-AFCC-4B3A-9AC2-5AE917AD33CD}.Debug|Any CPU.ActiveCfg = Debug|Any CPU
		{BDE69A73-AFCC-4B3A-9AC2-5AE917AD33CD}.Debug|Any CPU.Build.0 = Debug|Any CPU
		{BDE69A73-AFCC-4B3A-9AC2-5AE917AD33CD}.Release|Any CPU.ActiveCfg = Release|Any CPU
		{BDE69A73-AFCC-4B3A-9AC2-5AE917AD33CD}.Release|Any CPU.Build.0 = Release|Any CPU
		{A62ED556-7703-4E56-B480-7165B18719CE}.Debug|Any CPU.ActiveCfg = Debug|Any CPU
		{A62ED556-7703-4E56-B480-7165B18719CE}.Debug|Any CPU.Build.0 = Debug|Any CPU
		{A62ED556-7703-4E56-B480-7165B18719CE}.Release|Any CPU.ActiveCfg = Release|Any CPU
		{A62ED556-7703-4E56-B480-7165B18719CE}.Release|Any CPU.Build.0 = Release|Any CPU
	EndGlobalSection
	GlobalSection(SolutionProperties) = preSolution
		HideSolutionNode = FALSE
	EndGlobalSection
	GlobalSection(ExtensibilityGlobals) = postSolution
		SolutionGuid = {0817DEF2-78DF-47EC-8865-2C7E2FF247F8}
	EndGlobalSection
EndGlobal
