
Microsoft Visual Studio Solution File, Format Version 12.00
# Visual Studio 15
VisualStudioVersion = 15.0.27004.2005
MinimumVisualStudioVersion = 10.0.40219.1
Project("{FAE04EC0-301F-11D3-BF4B-00C04F79EFBC}") = "SweetDessert", "SweetDessert\SweetDessert.csproj", "{957537E6-95D8-4BDE-94A3-B9D37DEFF0DA}"
EndProject
Project("{FAE04EC0-301F-11D3-BF4B-00C04F79EFBC}") = "Game ofNames", "Game ofNames\Game ofNames.csproj", "{A2FC3395-1268-40D1-B285-35E6A129F5B3}"
EndProject
Project("{FAE04EC0-301F-11D3-BF4B-00C04F79EFBC}") = "Strawberry", "Strawberry\Strawberry.csproj", "{30266D0D-710B-47EB-96CA-5B37A05904B2}"
EndProject
Project("{FAE04EC0-301F-11D3-BF4B-00C04F79EFBC}") = "ArrayModifier", "ArrayModifier\ArrayModifier.csproj", "{0BDD2900-FAF3-4F48-85AC-39ACA9A54703}"
EndProject
Project("{FAE04EC0-301F-11D3-BF4B-00C04F79EFBC}") = "MultiplyTargetedCell", "MultiplyTargetedCell\MultiplyTargetedCell.csproj", "{131E2195-5B01-4B11-B1A4-961B5231A901}"
EndProject
Global
	GlobalSection(SolutionConfigurationPlatforms) = preSolution
		Debug|Any CPU = Debug|Any CPU
		Release|Any CPU = Release|Any CPU
	EndGlobalSection
	GlobalSection(ProjectConfigurationPlatforms) = postSolution
		{957537E6-95D8-4BDE-94A3-B9D37DEFF0DA}.Debug|Any CPU.ActiveCfg = Debug|Any CPU
		{957537E6-95D8-4BDE-94A3-B9D37DEFF0DA}.Debug|Any CPU.Build.0 = Debug|Any CPU
		{957537E6-95D8-4BDE-94A3-B9D37DEFF0DA}.Release|Any CPU.ActiveCfg = Release|Any CPU
		{957537E6-95D8-4BDE-94A3-B9D37DEFF0DA}.Release|Any CPU.Build.0 = Release|Any CPU
		{A2FC3395-1268-40D1-B285-35E6A129F5B3}.Debug|Any CPU.ActiveCfg = Debug|Any CPU
		{A2FC3395-1268-40D1-B285-35E6A129F5B3}.Debug|Any CPU.Build.0 = Debug|Any CPU
		{A2FC3395-1268-40D1-B285-35E6A129F5B3}.Release|Any CPU.ActiveCfg = Release|Any CPU
		{A2FC3395-1268-40D1-B285-35E6A129F5B3}.Release|Any CPU.Build.0 = Release|Any CPU
		{30266D0D-710B-47EB-96CA-5B37A05904B2}.Debug|Any CPU.ActiveCfg = Debug|Any CPU
		{30266D0D-710B-47EB-96CA-5B37A05904B2}.Debug|Any CPU.Build.0 = Debug|Any CPU
		{30266D0D-710B-47EB-96CA-5B37A05904B2}.Release|Any CPU.ActiveCfg = Release|Any CPU
		{30266D0D-710B-47EB-96CA-5B37A05904B2}.Release|Any CPU.Build.0 = Release|Any CPU
		{0BDD2900-FAF3-4F48-85AC-39ACA9A54703}.Debug|Any CPU.ActiveCfg = Debug|Any CPU
		{0BDD2900-FAF3-4F48-85AC-39ACA9A54703}.Debug|Any CPU.Build.0 = Debug|Any CPU
		{0BDD2900-FAF3-4F48-85AC-39ACA9A54703}.Release|Any CPU.ActiveCfg = Release|Any CPU
		{0BDD2900-FAF3-4F48-85AC-39ACA9A54703}.Release|Any CPU.Build.0 = Release|Any CPU
		{131E2195-5B01-4B11-B1A4-961B5231A901}.Debug|Any CPU.ActiveCfg = Debug|Any CPU
		{131E2195-5B01-4B11-B1A4-961B5231A901}.Debug|Any CPU.Build.0 = Debug|Any CPU
		{131E2195-5B01-4B11-B1A4-961B5231A901}.Release|Any CPU.ActiveCfg = Release|Any CPU
		{131E2195-5B01-4B11-B1A4-961B5231A901}.Release|Any CPU.Build.0 = Release|Any CPU
	EndGlobalSection
	GlobalSection(SolutionProperties) = preSolution
		HideSolutionNode = FALSE
	EndGlobalSection
	GlobalSection(ExtensibilityGlobals) = postSolution
		SolutionGuid = {423F6E5B-1118-4260-AA92-98C9DE4D1832}
	EndGlobalSection
EndGlobal
