
Microsoft Visual Studio Solution File, Format Version 12.00
# Visual Studio 15
VisualStudioVersion = 15.0.27130.2026
MinimumVisualStudioVersion = 10.0.40219.1
Project("{FAE04EC0-301F-11D3-BF4B-00C04F79EFBC}") = "01. CubicArtillery", "01. CubicArtillery\01. CubicArtillery.csproj", "{A735F646-0FC2-4D9E-981C-524D01B9B605}"
EndProject
Project("{FAE04EC0-301F-11D3-BF4B-00C04F79EFBC}") = "02. CubicsRube", "02. CubicsRube\02. CubicsRube.csproj", "{C3E5A49F-6571-416B-985E-FB6B3BB0D418}"
EndProject
Project("{FAE04EC0-301F-11D3-BF4B-00C04F79EFBC}") = "03. CubicMessages", "03. CubicMessages\03. CubicMessages.csproj", "{D3C221DE-FA16-4A4D-8EB9-2A4080328254}"
EndProject
Project("{FAE04EC0-301F-11D3-BF4B-00C04F79EFBC}") = "04. CubicAssault", "04. CubicAssault\04. CubicAssault.csproj", "{82FC2A7B-45C4-4675-BBAD-5DF3F412A6D2}"
EndProject
Global
	GlobalSection(SolutionConfigurationPlatforms) = preSolution
		Debug|Any CPU = Debug|Any CPU
		Release|Any CPU = Release|Any CPU
	EndGlobalSection
	GlobalSection(ProjectConfigurationPlatforms) = postSolution
		{A735F646-0FC2-4D9E-981C-524D01B9B605}.Debug|Any CPU.ActiveCfg = Debug|Any CPU
		{A735F646-0FC2-4D9E-981C-524D01B9B605}.Debug|Any CPU.Build.0 = Debug|Any CPU
		{A735F646-0FC2-4D9E-981C-524D01B9B605}.Release|Any CPU.ActiveCfg = Release|Any CPU
		{A735F646-0FC2-4D9E-981C-524D01B9B605}.Release|Any CPU.Build.0 = Release|Any CPU
		{C3E5A49F-6571-416B-985E-FB6B3BB0D418}.Debug|Any CPU.ActiveCfg = Debug|Any CPU
		{C3E5A49F-6571-416B-985E-FB6B3BB0D418}.Debug|Any CPU.Build.0 = Debug|Any CPU
		{C3E5A49F-6571-416B-985E-FB6B3BB0D418}.Release|Any CPU.ActiveCfg = Release|Any CPU
		{C3E5A49F-6571-416B-985E-FB6B3BB0D418}.Release|Any CPU.Build.0 = Release|Any CPU
		{D3C221DE-FA16-4A4D-8EB9-2A4080328254}.Debug|Any CPU.ActiveCfg = Debug|Any CPU
		{D3C221DE-FA16-4A4D-8EB9-2A4080328254}.Debug|Any CPU.Build.0 = Debug|Any CPU
		{D3C221DE-FA16-4A4D-8EB9-2A4080328254}.Release|Any CPU.ActiveCfg = Release|Any CPU
		{D3C221DE-FA16-4A4D-8EB9-2A4080328254}.Release|Any CPU.Build.0 = Release|Any CPU
		{82FC2A7B-45C4-4675-BBAD-5DF3F412A6D2}.Debug|Any CPU.ActiveCfg = Debug|Any CPU
		{82FC2A7B-45C4-4675-BBAD-5DF3F412A6D2}.Debug|Any CPU.Build.0 = Debug|Any CPU
		{82FC2A7B-45C4-4675-BBAD-5DF3F412A6D2}.Release|Any CPU.ActiveCfg = Release|Any CPU
		{82FC2A7B-45C4-4675-BBAD-5DF3F412A6D2}.Release|Any CPU.Build.0 = Release|Any CPU
	EndGlobalSection
	GlobalSection(SolutionProperties) = preSolution
		HideSolutionNode = FALSE
	EndGlobalSection
	GlobalSection(ExtensibilityGlobals) = postSolution
		SolutionGuid = {3E3C6F7D-3FA0-473C-B6B4-EE9059578290}
	EndGlobalSection
EndGlobal
