
Microsoft Visual Studio Solution File, Format Version 12.00
# Visual Studio 15
VisualStudioVersion = 15.0.27130.2036
MinimumVisualStudioVersion = 10.0.40219.1
Project("{FAE04EC0-301F-11D3-BF4B-00C04F79EFBC}") = "GrandPrix", "GrandPrix\GrandPrix.csproj", "{B69CE241-CB6F-4063-A35C-57398C86D31D}"
EndProject
Global
	GlobalSection(SolutionConfigurationPlatforms) = preSolution
		Debug|Any CPU = Debug|Any CPU
		Release|Any CPU = Release|Any CPU
	EndGlobalSection
	GlobalSection(ProjectConfigurationPlatforms) = postSolution
		{B69CE241-CB6F-4063-A35C-57398C86D31D}.Debug|Any CPU.ActiveCfg = Debug|Any CPU
		{B69CE241-CB6F-4063-A35C-57398C86D31D}.Debug|Any CPU.Build.0 = Debug|Any CPU
		{B69CE241-CB6F-4063-A35C-57398C86D31D}.Release|Any CPU.ActiveCfg = Release|Any CPU
		{B69CE241-CB6F-4063-A35C-57398C86D31D}.Release|Any CPU.Build.0 = Release|Any CPU
	EndGlobalSection
	GlobalSection(SolutionProperties) = preSolution
		HideSolutionNode = FALSE
	EndGlobalSection
	GlobalSection(ExtensibilityGlobals) = postSolution
		SolutionGuid = {1432F906-F06B-446A-9124-5985D9E8F07B}
	EndGlobalSection
EndGlobal
