
Microsoft Visual Studio Solution File, Format Version 12.00
# Visual Studio 15
VisualStudioVersion = 15.0.27004.2005
MinimumVisualStudioVersion = 10.0.40219.1
Project("{FAE04EC0-301F-11D3-BF4B-00C04F79EFBC}") = "Nacepin", "Nacepin\Nacepin.csproj", "{61DDED7C-AA8B-4D3C-B188-F27FBC948778}"
EndProject
Project("{FAE04EC0-301F-11D3-BF4B-00C04F79EFBC}") = "HogwartsSorting", "HogwartsSorting\HogwartsSorting.csproj", "{910D92B3-2F0A-4FA4-87F5-10110A293B28}"
EndProject
Project("{FAE04EC0-301F-11D3-BF4B-00C04F79EFBC}") = "DressPattern", "DressPattern\DressPattern.csproj", "{59EB8088-5E53-4158-8CE9-A07BD3BD0AD6}"
EndProject
Project("{FAE04EC0-301F-11D3-BF4B-00C04F79EFBC}") = "VehiclePark", "VehiclePark\VehiclePark.csproj", "{A24FE969-C547-404C-A885-E2F036BC13EF}"
EndProject
Project("{FAE04EC0-301F-11D3-BF4B-00C04F79EFBC}") = "BlurFilter", "BlurFilter\BlurFilter.csproj", "{C1EB8C29-BCAC-4E6D-89E6-B54580F2DD60}"
EndProject
Global
	GlobalSection(SolutionConfigurationPlatforms) = preSolution
		Debug|Any CPU = Debug|Any CPU
		Release|Any CPU = Release|Any CPU
	EndGlobalSection
	GlobalSection(ProjectConfigurationPlatforms) = postSolution
		{61DDED7C-AA8B-4D3C-B188-F27FBC948778}.Debug|Any CPU.ActiveCfg = Debug|Any CPU
		{61DDED7C-AA8B-4D3C-B188-F27FBC948778}.Debug|Any CPU.Build.0 = Debug|Any CPU
		{61DDED7C-AA8B-4D3C-B188-F27FBC948778}.Release|Any CPU.ActiveCfg = Release|Any CPU
		{61DDED7C-AA8B-4D3C-B188-F27FBC948778}.Release|Any CPU.Build.0 = Release|Any CPU
		{910D92B3-2F0A-4FA4-87F5-10110A293B28}.Debug|Any CPU.ActiveCfg = Debug|Any CPU
		{910D92B3-2F0A-4FA4-87F5-10110A293B28}.Debug|Any CPU.Build.0 = Debug|Any CPU
		{910D92B3-2F0A-4FA4-87F5-10110A293B28}.Release|Any CPU.ActiveCfg = Release|Any CPU
		{910D92B3-2F0A-4FA4-87F5-10110A293B28}.Release|Any CPU.Build.0 = Release|Any CPU
		{59EB8088-5E53-4158-8CE9-A07BD3BD0AD6}.Debug|Any CPU.ActiveCfg = Debug|Any CPU
		{59EB8088-5E53-4158-8CE9-A07BD3BD0AD6}.Debug|Any CPU.Build.0 = Debug|Any CPU
		{59EB8088-5E53-4158-8CE9-A07BD3BD0AD6}.Release|Any CPU.ActiveCfg = Release|Any CPU
		{59EB8088-5E53-4158-8CE9-A07BD3BD0AD6}.Release|Any CPU.Build.0 = Release|Any CPU
		{A24FE969-C547-404C-A885-E2F036BC13EF}.Debug|Any CPU.ActiveCfg = Debug|Any CPU
		{A24FE969-C547-404C-A885-E2F036BC13EF}.Debug|Any CPU.Build.0 = Debug|Any CPU
		{A24FE969-C547-404C-A885-E2F036BC13EF}.Release|Any CPU.ActiveCfg = Release|Any CPU
		{A24FE969-C547-404C-A885-E2F036BC13EF}.Release|Any CPU.Build.0 = Release|Any CPU
		{C1EB8C29-BCAC-4E6D-89E6-B54580F2DD60}.Debug|Any CPU.ActiveCfg = Debug|Any CPU
		{C1EB8C29-BCAC-4E6D-89E6-B54580F2DD60}.Debug|Any CPU.Build.0 = Debug|Any CPU
		{C1EB8C29-BCAC-4E6D-89E6-B54580F2DD60}.Release|Any CPU.ActiveCfg = Release|Any CPU
		{C1EB8C29-BCAC-4E6D-89E6-B54580F2DD60}.Release|Any CPU.Build.0 = Release|Any CPU
	EndGlobalSection
	GlobalSection(SolutionProperties) = preSolution
		HideSolutionNode = FALSE
	EndGlobalSection
	GlobalSection(ExtensibilityGlobals) = postSolution
		SolutionGuid = {6AF30C3F-BD47-4388-91EB-44E0907E9070}
	EndGlobalSection
EndGlobal
